
Microsoft Visual Studio Solution File, Format Version 12.00
# Visual Studio 14
VisualStudioVersion = 14.0.24720.0
MinimumVisualStudioVersion = 10.0.40219.1
Project("{FAE04EC0-301F-11D3-BF4B-00C04F79EFBC}") = "IdentityServer.AzureAdUserService", "src\IdentityServer.AzureAdUserService\IdentityServer.AzureAdUserService.csproj", "{36C1DCDA-85D4-4E24-959C-40451B88DC51}"
EndProject
Project("{FAE04EC0-301F-11D3-BF4B-00C04F79EFBC}") = "AzureADUserServiceTests", "tests\AzureADUserServiceTests\AzureADUserServiceTests.csproj", "{A21BB921-6F80-4E73-AD89-56F981F3D71A}"
EndProject
Global
	GlobalSection(SolutionConfigurationPlatforms) = preSolution
		Debug|Any CPU = Debug|Any CPU
		Release|Any CPU = Release|Any CPU
	EndGlobalSection
	GlobalSection(ProjectConfigurationPlatforms) = postSolution
		{36C1DCDA-85D4-4E24-959C-40451B88DC51}.Debug|Any CPU.ActiveCfg = Debug|Any CPU
		{36C1DCDA-85D4-4E24-959C-40451B88DC51}.Debug|Any CPU.Build.0 = Debug|Any CPU
		{36C1DCDA-85D4-4E24-959C-40451B88DC51}.Release|Any CPU.ActiveCfg = Release|Any CPU
		{36C1DCDA-85D4-4E24-959C-40451B88DC51}.Release|Any CPU.Build.0 = Release|Any CPU
		{A21BB921-6F80-4E73-AD89-56F981F3D71A}.Debug|Any CPU.ActiveCfg = Debug|Any CPU
		{A21BB921-6F80-4E73-AD89-56F981F3D71A}.Debug|Any CPU.Build.0 = Debug|Any CPU
		{A21BB921-6F80-4E73-AD89-56F981F3D71A}.Release|Any CPU.ActiveCfg = Release|Any CPU
		{A21BB921-6F80-4E73-AD89-56F981F3D71A}.Release|Any CPU.Build.0 = Release|Any CPU
	EndGlobalSection
	GlobalSection(SolutionProperties) = preSolution
		HideSolutionNode = FALSE
	EndGlobalSection
EndGlobal
